
Microsoft Visual Studio Solution File, Format Version 12.00
# Visual Studio Version 16
VisualStudioVersion = 16.0.30804.86
MinimumVisualStudioVersion = 10.0.40219.1
Project("{888888A0-9F3D-457C-B088-3A5042F75D52}") = "CamMTG", "CamMTG\CamMTG.pyproj", "{505483E2-D770-4B8F-8324-40D1EA705DD6}"
EndProject
Global
	GlobalSection(SolutionConfigurationPlatforms) = preSolution
		Debug|Any CPU = Debug|Any CPU
		Release|Any CPU = Release|Any CPU
	EndGlobalSection
	GlobalSection(ProjectConfigurationPlatforms) = postSolution
		{505483E2-D770-4B8F-8324-40D1EA705DD6}.Debug|Any CPU.ActiveCfg = Debug|Any CPU
		{505483E2-D770-4B8F-8324-40D1EA705DD6}.Release|Any CPU.ActiveCfg = Release|Any CPU
	EndGlobalSection
	GlobalSection(SolutionProperties) = preSolution
		HideSolutionNode = FALSE
	EndGlobalSection
	GlobalSection(ExtensibilityGlobals) = postSolution
		SolutionGuid = {E9207F5D-64BD-4223-A04F-5FFF2F7CD332}
	EndGlobalSection
EndGlobal
